
Microsoft Visual Studio Solution File, Format Version 12.00
# Visual Studio Version 17
VisualStudioVersion = 17.7.34202.233
MinimumVisualStudioVersion = 10.0.40219.1
Project("{9A19103F-16F7-4668-BE54-9A1E7A4F7556}") = "StockShop", "StockShop\StockShop.csproj", "{3438AE25-2995-4250-8DEA-2825BC0D71A3}"
EndProject
Project("{9A19103F-16F7-4668-BE54-9A1E7A4F7556}") = "WebAPI", "WebAPI\WebAPI.csproj", "{239BFAC6-5A45-45FD-ABBC-8B06717CEC6E}"
EndProject
Global
	GlobalSection(SolutionConfigurationPlatforms) = preSolution
		Debug|Any CPU = Debug|Any CPU
		Release|Any CPU = Release|Any CPU
	EndGlobalSection
	GlobalSection(ProjectConfigurationPlatforms) = postSolution
		{3438AE25-2995-4250-8DEA-2825BC0D71A3}.Debug|Any CPU.ActiveCfg = Debug|Any CPU
		{3438AE25-2995-4250-8DEA-2825BC0D71A3}.Debug|Any CPU.Build.0 = Debug|Any CPU
		{3438AE25-2995-4250-8DEA-2825BC0D71A3}.Release|Any CPU.ActiveCfg = Release|Any CPU
		{3438AE25-2995-4250-8DEA-2825BC0D71A3}.Release|Any CPU.Build.0 = Release|Any CPU
		{239BFAC6-5A45-45FD-ABBC-8B06717CEC6E}.Debug|Any CPU.ActiveCfg = Debug|Any CPU
		{239BFAC6-5A45-45FD-ABBC-8B06717CEC6E}.Debug|Any CPU.Build.0 = Debug|Any CPU
		{239BFAC6-5A45-45FD-ABBC-8B06717CEC6E}.Release|Any CPU.ActiveCfg = Release|Any CPU
		{239BFAC6-5A45-45FD-ABBC-8B06717CEC6E}.Release|Any CPU.Build.0 = Release|Any CPU
	EndGlobalSection
	GlobalSection(SolutionProperties) = preSolution
		HideSolutionNode = FALSE
	EndGlobalSection
	GlobalSection(ExtensibilityGlobals) = postSolution
		SolutionGuid = {8C298AC3-E057-49FA-9714-A2B9D509E2B0}
	EndGlobalSection
EndGlobal
